
Microsoft Visual Studio Solution File, Format Version 12.00
# Visual Studio 15
Project("{FAE04EC0-301F-11D3-BF4B-00C04F79EFBC}") = "Unity.Timeline", "Unity.Timeline.csproj", "{F4733052-0071-F617-833A-39984B575336}"
EndProject
Project("{FAE04EC0-301F-11D3-BF4B-00C04F79EFBC}") = "Unity.Timeline.Editor", "Unity.Timeline.Editor.csproj", "{54DE862D-BD40-3A79-1AE8-71A1779961D0}"
EndProject
Project("{FAE04EC0-301F-11D3-BF4B-00C04F79EFBC}") = "Unity.TextMeshPro.Editor", "Unity.TextMeshPro.Editor.csproj", "{5D41E94D-E15C-06BB-4350-85F2BB70F6F5}"
EndProject
Project("{FAE04EC0-301F-11D3-BF4B-00C04F79EFBC}") = "Unity.PlasticSCM.Editor", "Unity.PlasticSCM.Editor.csproj", "{59492546-C067-6521-8E7F-6711DB573B8B}"
EndProject
Project("{FAE04EC0-301F-11D3-BF4B-00C04F79EFBC}") = "Unity.VisualScripting.Flow", "Unity.VisualScripting.Flow.csproj", "{7E551A4B-0E82-96E7-FDAE-7C7BA9F0BC51}"
EndProject
Project("{FAE04EC0-301F-11D3-BF4B-00C04F79EFBC}") = "Unity.InputSystem", "Unity.InputSystem.csproj", "{991E4A1C-0CCA-8FC0-51F8-E1C058C03688}"
EndProject
Project("{FAE04EC0-301F-11D3-BF4B-00C04F79EFBC}") = "Unity.VisualScripting.Core", "Unity.VisualScripting.Core.csproj", "{C2118570-2106-8177-7677-69B6EFFE6C3F}"
EndProject
Project("{FAE04EC0-301F-11D3-BF4B-00C04F79EFBC}") = "Cinemachine", "Cinemachine.csproj", "{3A19AACB-646D-B285-F354-D7333D4175AA}"
EndProject
Project("{FAE04EC0-301F-11D3-BF4B-00C04F79EFBC}") = "Unity.VisualScripting.Core.Editor", "Unity.VisualScripting.Core.Editor.csproj", "{4B585976-42D2-4143-C248-E4FCFB5D327B}"
EndProject
Project("{FAE04EC0-301F-11D3-BF4B-00C04F79EFBC}") = "Unity.VisualScripting.Flow.Editor", "Unity.VisualScripting.Flow.Editor.csproj", "{887DB8C9-029A-AE47-F176-841EE0703517}"
EndProject
Project("{FAE04EC0-301F-11D3-BF4B-00C04F79EFBC}") = "UnityEditor.TestRunner", "UnityEditor.TestRunner.csproj", "{467F9938-E549-4EDA-9479-48D6B161AA1F}"
EndProject
Project("{FAE04EC0-301F-11D3-BF4B-00C04F79EFBC}") = "Unity.VisualScripting.SettingsProvider.Editor", "Unity.VisualScripting.SettingsProvider.Editor.csproj", "{91706A54-121C-40E6-BDB2-ED3D14101BA9}"
EndProject
Project("{FAE04EC0-301F-11D3-BF4B-00C04F79EFBC}") = "UnityEngine.TestRunner", "UnityEngine.TestRunner.csproj", "{93512F6A-0A22-A637-7DFD-AB25332B7181}"
EndProject
Project("{FAE04EC0-301F-11D3-BF4B-00C04F79EFBC}") = "Unity.VisualStudio.Editor", "Unity.VisualStudio.Editor.csproj", "{C9E08211-105F-E83A-3157-C9760E984A9B}"
EndProject
Project("{FAE04EC0-301F-11D3-BF4B-00C04F79EFBC}") = "com.unity.cinemachine.editor", "com.unity.cinemachine.editor.csproj", "{2ED0087E-7E6D-3FEE-1B1C-C81EAC8E532C}"
EndProject
Project("{FAE04EC0-301F-11D3-BF4B-00C04F79EFBC}") = "Unity.TestTools.CodeCoverage.Editor.OpenCover.Model", "Unity.TestTools.CodeCoverage.Editor.OpenCover.Model.csproj", "{84B96E4C-C813-D14B-0337-A3702CBC1BBC}"
EndProject
Project("{FAE04EC0-301F-11D3-BF4B-00C04F79EFBC}") = "Unity.Rider.Editor", "Unity.Rider.Editor.csproj", "{94A8F36C-8710-575E-29D6-361CFA1338C5}"
EndProject
Project("{FAE04EC0-301F-11D3-BF4B-00C04F79EFBC}") = "Unity.CollabProxy.Editor", "Unity.CollabProxy.Editor.csproj", "{26C2390B-48FF-477C-1605-9ADAB1C44A6A}"
EndProject
Project("{FAE04EC0-301F-11D3-BF4B-00C04F79EFBC}") = "Unity.VisualScripting.State.Editor", "Unity.VisualScripting.State.Editor.csproj", "{06F29EBC-6C70-36EF-2B8B-31BE4A1FA70A}"
EndProject
Project("{FAE04EC0-301F-11D3-BF4B-00C04F79EFBC}") = "Unity.TestTools.CodeCoverage.Editor", "Unity.TestTools.CodeCoverage.Editor.csproj", "{096D3A50-30CD-0993-F03A-52106F67386B}"
EndProject
Project("{FAE04EC0-301F-11D3-BF4B-00C04F79EFBC}") = "Unity.VisualScripting.State", "Unity.VisualScripting.State.csproj", "{9B9F734C-6C87-EB2E-E24B-E0AF90C867EA}"
EndProject
Project("{FAE04EC0-301F-11D3-BF4B-00C04F79EFBC}") = "Unity.TextMeshPro", "Unity.TextMeshPro.csproj", "{85F362A2-8CD7-AFF2-A59A-6872BA61DDE3}"
EndProject
Project("{FAE04EC0-301F-11D3-BF4B-00C04F79EFBC}") = "Unity.Performance.Profile-Analyzer.Editor", "Unity.Performance.Profile-Analyzer.Editor.csproj", "{819F4B21-38CC-CEA9-BF4C-67FD5A4483D8}"
EndProject
Project("{FAE04EC0-301F-11D3-BF4B-00C04F79EFBC}") = "Unity.VSCode.Editor", "Unity.VSCode.Editor.csproj", "{64730122-5A70-1CEF-25F8-9E6175288491}"
EndProject
Project("{FAE04EC0-301F-11D3-BF4B-00C04F79EFBC}") = "Unity.TestTools.CodeCoverage.Editor.OpenCover.Mono.Reflection", "Unity.TestTools.CodeCoverage.Editor.OpenCover.Mono.Reflection.csproj", "{F2C22F32-4B99-8820-E7E3-C89BE4E421B5}"
EndProject
Project("{FAE04EC0-301F-11D3-BF4B-00C04F79EFBC}") = "Unity.Settings.Editor", "Unity.Settings.Editor.csproj", "{A10FEDAD-BB80-F4A3-1186-3565430EA6CC}"
EndProject
Project("{FAE04EC0-301F-11D3-BF4B-00C04F79EFBC}") = "Assembly-CSharp", "Assembly-CSharp.csproj", "{FA757F5B-5D36-7A98-47C4-9F5AAF1F803E}"
EndProject
Project("{FAE04EC0-301F-11D3-BF4B-00C04F79EFBC}") = "Unity.InputSystem.ForUI", "Unity.InputSystem.ForUI.csproj", "{58907342-4990-AE83-D4C3-DA01B46ED8F0}"
EndProject
Project("{FAE04EC0-301F-11D3-BF4B-00C04F79EFBC}") = "Unity.EditorCoroutines.Editor", "Unity.EditorCoroutines.Editor.csproj", "{2D8FB8C7-A3C3-4720-4B48-5BDFC8220631}"
EndProject
Project("{FAE04EC0-301F-11D3-BF4B-00C04F79EFBC}") = "Unity.InputSystem.TestFramework", "Unity.InputSystem.TestFramework.csproj", "{48793ACA-4FC3-3D5A-9C2D-4D49DCA2C6A2}"
EndProject
Project("{FAE04EC0-301F-11D3-BF4B-00C04F79EFBC}") = "Unity.VisualScripting.Shared.Editor", "Unity.VisualScripting.Shared.Editor.csproj", "{D9E6AACA-500B-D8D5-1A53-46966A2360A1}"
EndProject
Global
	GlobalSection(SolutionConfigurationPlatforms) = preSolution
		Debug|Any CPU = Debug|Any CPU
		Release|Any CPU = Release|Any CPU
	EndGlobalSection
	GlobalSection(ProjectConfigurationPlatforms) = postSolution
		{F4733052-0071-F617-833A-39984B575336}.Debug|Any CPU.ActiveCfg = Debug|Any CPU
		{F4733052-0071-F617-833A-39984B575336}.Debug|Any CPU.Build.0 = Debug|Any CPU
		{F4733052-0071-F617-833A-39984B575336}.Release|Any CPU.ActiveCfg = Release|Any CPU
		{F4733052-0071-F617-833A-39984B575336}.Release|Any CPU.Build.0 = Release|Any CPU
		{54DE862D-BD40-3A79-1AE8-71A1779961D0}.Debug|Any CPU.ActiveCfg = Debug|Any CPU
		{54DE862D-BD40-3A79-1AE8-71A1779961D0}.Debug|Any CPU.Build.0 = Debug|Any CPU
		{54DE862D-BD40-3A79-1AE8-71A1779961D0}.Release|Any CPU.ActiveCfg = Release|Any CPU
		{54DE862D-BD40-3A79-1AE8-71A1779961D0}.Release|Any CPU.Build.0 = Release|Any CPU
		{5D41E94D-E15C-06BB-4350-85F2BB70F6F5}.Debug|Any CPU.ActiveCfg = Debug|Any CPU
		{5D41E94D-E15C-06BB-4350-85F2BB70F6F5}.Debug|Any CPU.Build.0 = Debug|Any CPU
		{5D41E94D-E15C-06BB-4350-85F2BB70F6F5}.Release|Any CPU.ActiveCfg = Release|Any CPU
		{5D41E94D-E15C-06BB-4350-85F2BB70F6F5}.Release|Any CPU.Build.0 = Release|Any CPU
		{59492546-C067-6521-8E7F-6711DB573B8B}.Debug|Any CPU.ActiveCfg = Debug|Any CPU
		{59492546-C067-6521-8E7F-6711DB573B8B}.Debug|Any CPU.Build.0 = Debug|Any CPU
		{59492546-C067-6521-8E7F-6711DB573B8B}.Release|Any CPU.ActiveCfg = Release|Any CPU
		{59492546-C067-6521-8E7F-6711DB573B8B}.Release|Any CPU.Build.0 = Release|Any CPU
		{7E551A4B-0E82-96E7-FDAE-7C7BA9F0BC51}.Debug|Any CPU.ActiveCfg = Debug|Any CPU
		{7E551A4B-0E82-96E7-FDAE-7C7BA9F0BC51}.Debug|Any CPU.Build.0 = Debug|Any CPU
		{7E551A4B-0E82-96E7-FDAE-7C7BA9F0BC51}.Release|Any CPU.ActiveCfg = Release|Any CPU
		{7E551A4B-0E82-96E7-FDAE-7C7BA9F0BC51}.Release|Any CPU.Build.0 = Release|Any CPU
		{991E4A1C-0CCA-8FC0-51F8-E1C058C03688}.Debug|Any CPU.ActiveCfg = Debug|Any CPU
		{991E4A1C-0CCA-8FC0-51F8-E1C058C03688}.Debug|Any CPU.Build.0 = Debug|Any CPU
		{991E4A1C-0CCA-8FC0-51F8-E1C058C03688}.Release|Any CPU.ActiveCfg = Release|Any CPU
		{991E4A1C-0CCA-8FC0-51F8-E1C058C03688}.Release|Any CPU.Build.0 = Release|Any CPU
		{C2118570-2106-8177-7677-69B6EFFE6C3F}.Debug|Any CPU.ActiveCfg = Debug|Any CPU
		{C2118570-2106-8177-7677-69B6EFFE6C3F}.Debug|Any CPU.Build.0 = Debug|Any CPU
		{C2118570-2106-8177-7677-69B6EFFE6C3F}.Release|Any CPU.ActiveCfg = Release|Any CPU
		{C2118570-2106-8177-7677-69B6EFFE6C3F}.Release|Any CPU.Build.0 = Release|Any CPU
		{3A19AACB-646D-B285-F354-D7333D4175AA}.Debug|Any CPU.ActiveCfg = Debug|Any CPU
		{3A19AACB-646D-B285-F354-D7333D4175AA}.Debug|Any CPU.Build.0 = Debug|Any CPU
		{3A19AACB-646D-B285-F354-D7333D4175AA}.Release|Any CPU.ActiveCfg = Release|Any CPU
		{3A19AACB-646D-B285-F354-D7333D4175AA}.Release|Any CPU.Build.0 = Release|Any CPU
		{4B585976-42D2-4143-C248-E4FCFB5D327B}.Debug|Any CPU.ActiveCfg = Debug|Any CPU
		{4B585976-42D2-4143-C248-E4FCFB5D327B}.Debug|Any CPU.Build.0 = Debug|Any CPU
		{4B585976-42D2-4143-C248-E4FCFB5D327B}.Release|Any CPU.ActiveCfg = Release|Any CPU
		{4B585976-42D2-4143-C248-E4FCFB5D327B}.Release|Any CPU.Build.0 = Release|Any CPU
		{887DB8C9-029A-AE47-F176-841EE0703517}.Debug|Any CPU.ActiveCfg = Debug|Any CPU
		{887DB8C9-029A-AE47-F176-841EE0703517}.Debug|Any CPU.Build.0 = Debug|Any CPU
		{887DB8C9-029A-AE47-F176-841EE0703517}.Release|Any CPU.ActiveCfg = Release|Any CPU
		{887DB8C9-029A-AE47-F176-841EE0703517}.Release|Any CPU.Build.0 = Release|Any CPU
		{467F9938-E549-4EDA-9479-48D6B161AA1F}.Debug|Any CPU.ActiveCfg = Debug|Any CPU
		{467F9938-E549-4EDA-9479-48D6B161AA1F}.Debug|Any CPU.Build.0 = Debug|Any CPU
		{467F9938-E549-4EDA-9479-48D6B161AA1F}.Release|Any CPU.ActiveCfg = Release|Any CPU
		{467F9938-E549-4EDA-9479-48D6B161AA1F}.Release|Any CPU.Build.0 = Release|Any CPU
		{91706A54-121C-40E6-BDB2-ED3D14101BA9}.Debug|Any CPU.ActiveCfg = Debug|Any CPU
		{91706A54-121C-40E6-BDB2-ED3D14101BA9}.Debug|Any CPU.Build.0 = Debug|Any CPU
		{91706A54-121C-40E6-BDB2-ED3D14101BA9}.Release|Any CPU.ActiveCfg = Release|Any CPU
		{91706A54-121C-40E6-BDB2-ED3D14101BA9}.Release|Any CPU.Build.0 = Release|Any CPU
		{93512F6A-0A22-A637-7DFD-AB25332B7181}.Debug|Any CPU.ActiveCfg = Debug|Any CPU
		{93512F6A-0A22-A637-7DFD-AB25332B7181}.Debug|Any CPU.Build.0 = Debug|Any CPU
		{93512F6A-0A22-A637-7DFD-AB25332B7181}.Release|Any CPU.ActiveCfg = Release|Any CPU
		{93512F6A-0A22-A637-7DFD-AB25332B7181}.Release|Any CPU.Build.0 = Release|Any CPU
		{C9E08211-105F-E83A-3157-C9760E984A9B}.Debug|Any CPU.ActiveCfg = Debug|Any CPU
		{C9E08211-105F-E83A-3157-C9760E984A9B}.Debug|Any CPU.Build.0 = Debug|Any CPU
		{C9E08211-105F-E83A-3157-C9760E984A9B}.Release|Any CPU.ActiveCfg = Release|Any CPU
		{C9E08211-105F-E83A-3157-C9760E984A9B}.Release|Any CPU.Build.0 = Release|Any CPU
		{2ED0087E-7E6D-3FEE-1B1C-C81EAC8E532C}.Debug|Any CPU.ActiveCfg = Debug|Any CPU
		{2ED0087E-7E6D-3FEE-1B1C-C81EAC8E532C}.Debug|Any CPU.Build.0 = Debug|Any CPU
		{2ED0087E-7E6D-3FEE-1B1C-C81EAC8E532C}.Release|Any CPU.ActiveCfg = Release|Any CPU
		{2ED0087E-7E6D-3FEE-1B1C-C81EAC8E532C}.Release|Any CPU.Build.0 = Release|Any CPU
		{84B96E4C-C813-D14B-0337-A3702CBC1BBC}.Debug|Any CPU.ActiveCfg = Debug|Any CPU
		{84B96E4C-C813-D14B-0337-A3702CBC1BBC}.Debug|Any CPU.Build.0 = Debug|Any CPU
		{84B96E4C-C813-D14B-0337-A3702CBC1BBC}.Release|Any CPU.ActiveCfg = Release|Any CPU
		{84B96E4C-C813-D14B-0337-A3702CBC1BBC}.Release|Any CPU.Build.0 = Release|Any CPU
		{94A8F36C-8710-575E-29D6-361CFA1338C5}.Debug|Any CPU.ActiveCfg = Debug|Any CPU
		{94A8F36C-8710-575E-29D6-361CFA1338C5}.Debug|Any CPU.Build.0 = Debug|Any CPU
		{94A8F36C-8710-575E-29D6-361CFA1338C5}.Release|Any CPU.ActiveCfg = Release|Any CPU
		{94A8F36C-8710-575E-29D6-361CFA1338C5}.Release|Any CPU.Build.0 = Release|Any CPU
		{26C2390B-48FF-477C-1605-9ADAB1C44A6A}.Debug|Any CPU.ActiveCfg = Debug|Any CPU
		{26C2390B-48FF-477C-1605-9ADAB1C44A6A}.Debug|Any CPU.Build.0 = Debug|Any CPU
		{26C2390B-48FF-477C-1605-9ADAB1C44A6A}.Release|Any CPU.ActiveCfg = Release|Any CPU
		{26C2390B-48FF-477C-1605-9ADAB1C44A6A}.Release|Any CPU.Build.0 = Release|Any CPU
		{06F29EBC-6C70-36EF-2B8B-31BE4A1FA70A}.Debug|Any CPU.ActiveCfg = Debug|Any CPU
		{06F29EBC-6C70-36EF-2B8B-31BE4A1FA70A}.Debug|Any CPU.Build.0 = Debug|Any CPU
		{06F29EBC-6C70-36EF-2B8B-31BE4A1FA70A}.Release|Any CPU.ActiveCfg = Release|Any CPU
		{06F29EBC-6C70-36EF-2B8B-31BE4A1FA70A}.Release|Any CPU.Build.0 = Release|Any CPU
		{096D3A50-30CD-0993-F03A-52106F67386B}.Debug|Any CPU.ActiveCfg = Debug|Any CPU
		{096D3A50-30CD-0993-F03A-52106F67386B}.Debug|Any CPU.Build.0 = Debug|Any CPU
		{096D3A50-30CD-0993-F03A-52106F67386B}.Release|Any CPU.ActiveCfg = Release|Any CPU
		{096D3A50-30CD-0993-F03A-52106F67386B}.Release|Any CPU.Build.0 = Release|Any CPU
		{9B9F734C-6C87-EB2E-E24B-E0AF90C867EA}.Debug|Any CPU.ActiveCfg = Debug|Any CPU
		{9B9F734C-6C87-EB2E-E24B-E0AF90C867EA}.Debug|Any CPU.Build.0 = Debug|Any CPU
		{9B9F734C-6C87-EB2E-E24B-E0AF90C867EA}.Release|Any CPU.ActiveCfg = Release|Any CPU
		{9B9F734C-6C87-EB2E-E24B-E0AF90C867EA}.Release|Any CPU.Build.0 = Release|Any CPU
		{85F362A2-8CD7-AFF2-A59A-6872BA61DDE3}.Debug|Any CPU.ActiveCfg = Debug|Any CPU
		{85F362A2-8CD7-AFF2-A59A-6872BA61DDE3}.Debug|Any CPU.Build.0 = Debug|Any CPU
		{85F362A2-8CD7-AFF2-A59A-6872BA61DDE3}.Release|Any CPU.ActiveCfg = Release|Any CPU
		{85F362A2-8CD7-AFF2-A59A-6872BA61DDE3}.Release|Any CPU.Build.0 = Release|Any CPU
		{819F4B21-38CC-CEA9-BF4C-67FD5A4483D8}.Debug|Any CPU.ActiveCfg = Debug|Any CPU
		{819F4B21-38CC-CEA9-BF4C-67FD5A4483D8}.Debug|Any CPU.Build.0 = Debug|Any CPU
		{819F4B21-38CC-CEA9-BF4C-67FD5A4483D8}.Release|Any CPU.ActiveCfg = Release|Any CPU
		{819F4B21-38CC-CEA9-BF4C-67FD5A4483D8}.Release|Any CPU.Build.0 = Release|Any CPU
		{64730122-5A70-1CEF-25F8-9E6175288491}.Debug|Any CPU.ActiveCfg = Debug|Any CPU
		{64730122-5A70-1CEF-25F8-9E6175288491}.Debug|Any CPU.Build.0 = Debug|Any CPU
		{64730122-5A70-1CEF-25F8-9E6175288491}.Release|Any CPU.ActiveCfg = Release|Any CPU
		{64730122-5A70-1CEF-25F8-9E6175288491}.Release|Any CPU.Build.0 = Release|Any CPU
		{F2C22F32-4B99-8820-E7E3-C89BE4E421B5}.Debug|Any CPU.ActiveCfg = Debug|Any CPU
		{F2C22F32-4B99-8820-E7E3-C89BE4E421B5}.Debug|Any CPU.Build.0 = Debug|Any CPU
		{F2C22F32-4B99-8820-E7E3-C89BE4E421B5}.Release|Any CPU.ActiveCfg = Release|Any CPU
		{F2C22F32-4B99-8820-E7E3-C89BE4E421B5}.Release|Any CPU.Build.0 = Release|Any CPU
		{A10FEDAD-BB80-F4A3-1186-3565430EA6CC}.Debug|Any CPU.ActiveCfg = Debug|Any CPU
		{A10FEDAD-BB80-F4A3-1186-3565430EA6CC}.Debug|Any CPU.Build.0 = Debug|Any CPU
		{A10FEDAD-BB80-F4A3-1186-3565430EA6CC}.Release|Any CPU.ActiveCfg = Release|Any CPU
		{A10FEDAD-BB80-F4A3-1186-3565430EA6CC}.Release|Any CPU.Build.0 = Release|Any CPU
		{FA757F5B-5D36-7A98-47C4-9F5AAF1F803E}.Debug|Any CPU.ActiveCfg = Debug|Any CPU
		{FA757F5B-5D36-7A98-47C4-9F5AAF1F803E}.Debug|Any CPU.Build.0 = Debug|Any CPU
		{FA757F5B-5D36-7A98-47C4-9F5AAF1F803E}.Release|Any CPU.ActiveCfg = Release|Any CPU
		{FA757F5B-5D36-7A98-47C4-9F5AAF1F803E}.Release|Any CPU.Build.0 = Release|Any CPU
		{58907342-4990-AE83-D4C3-DA01B46ED8F0}.Debug|Any CPU.ActiveCfg = Debug|Any CPU
		{58907342-4990-AE83-D4C3-DA01B46ED8F0}.Debug|Any CPU.Build.0 = Debug|Any CPU
		{58907342-4990-AE83-D4C3-DA01B46ED8F0}.Release|Any CPU.ActiveCfg = Release|Any CPU
		{58907342-4990-AE83-D4C3-DA01B46ED8F0}.Release|Any CPU.Build.0 = Release|Any CPU
		{2D8FB8C7-A3C3-4720-4B48-5BDFC8220631}.Debug|Any CPU.ActiveCfg = Debug|Any CPU
		{2D8FB8C7-A3C3-4720-4B48-5BDFC8220631}.Debug|Any CPU.Build.0 = Debug|Any CPU
		{2D8FB8C7-A3C3-4720-4B48-5BDFC8220631}.Release|Any CPU.ActiveCfg = Release|Any CPU
		{2D8FB8C7-A3C3-4720-4B48-5BDFC8220631}.Release|Any CPU.Build.0 = Release|Any CPU
		{48793ACA-4FC3-3D5A-9C2D-4D49DCA2C6A2}.Debug|Any CPU.ActiveCfg = Debug|Any CPU
		{48793ACA-4FC3-3D5A-9C2D-4D49DCA2C6A2}.Debug|Any CPU.Build.0 = Debug|Any CPU
		{48793ACA-4FC3-3D5A-9C2D-4D49DCA2C6A2}.Release|Any CPU.ActiveCfg = Release|Any CPU
		{48793ACA-4FC3-3D5A-9C2D-4D49DCA2C6A2}.Release|Any CPU.Build.0 = Release|Any CPU
		{D9E6AACA-500B-D8D5-1A53-46966A2360A1}.Debug|Any CPU.ActiveCfg = Debug|Any CPU
		{D9E6AACA-500B-D8D5-1A53-46966A2360A1}.Debug|Any CPU.Build.0 = Debug|Any CPU
		{D9E6AACA-500B-D8D5-1A53-46966A2360A1}.Release|Any CPU.ActiveCfg = Release|Any CPU
		{D9E6AACA-500B-D8D5-1A53-46966A2360A1}.Release|Any CPU.Build.0 = Release|Any CPU
	EndGlobalSection
	GlobalSection(SolutionProperties) = preSolution
		HideSolutionNode = FALSE
	EndGlobalSection
EndGlobal
