
Microsoft Visual Studio Solution File, Format Version 11.00
# Visual Studio 2010
Project("{FAE04EC0-301F-11D3-BF4B-00C04F79EFBC}") = "Assembly-CSharp", "Assembly-CSharp.csproj", "{d020be4b-1afc-1a0c-adf8-9c45af34a466}"
EndProject
Project("{FAE04EC0-301F-11D3-BF4B-00C04F79EFBC}") = "Assembly-CSharp-Editor", "Assembly-CSharp-Editor.csproj", "{4cc62705-2b34-8c3d-2774-ecef2deb33f1}"
EndProject
Global
	GlobalSection(SolutionConfigurationPlatforms) = preSolution
		Debug|Any CPU = Debug|Any CPU
	EndGlobalSection
	GlobalSection(ProjectConfigurationPlatforms) = postSolution
		{d020be4b-1afc-1a0c-adf8-9c45af34a466}.Debug|Any CPU.ActiveCfg = Debug|Any CPU
		{d020be4b-1afc-1a0c-adf8-9c45af34a466}.Debug|Any CPU.Build.0 = Debug|Any CPU
		{4cc62705-2b34-8c3d-2774-ecef2deb33f1}.Debug|Any CPU.ActiveCfg = Debug|Any CPU
		{4cc62705-2b34-8c3d-2774-ecef2deb33f1}.Debug|Any CPU.Build.0 = Debug|Any CPU
	EndGlobalSection
	GlobalSection(SolutionProperties) = preSolution
		HideSolutionNode = FALSE
	EndGlobalSection
EndGlobal
