
Microsoft Visual Studio Solution File, Format Version 12.00
# Visual Studio 15
Project("{FAE04EC0-301F-11D3-BF4B-00C04F79EFBC}") = "Assembly-CSharp", "Assembly-CSharp.csproj", "{960AE7F7-1FF5-BD48-EF9C-F1004EEBBF39}"
EndProject
Project("{FAE04EC0-301F-11D3-BF4B-00C04F79EFBC}") = "Assembly-CSharp-Editor", "Assembly-CSharp-Editor.csproj", "{8DB76140-BE28-4217-8215-ED2E94C33EDB}"
EndProject
Global
	GlobalSection(SolutionConfigurationPlatforms) = preSolution
		Debug|Any CPU = Debug|Any CPU
		Release|Any CPU = Release|Any CPU
	EndGlobalSection
	GlobalSection(ProjectConfigurationPlatforms) = postSolution
		{960AE7F7-1FF5-BD48-EF9C-F1004EEBBF39}.Debug|Any CPU.ActiveCfg = Debug|Any CPU
		{960AE7F7-1FF5-BD48-EF9C-F1004EEBBF39}.Debug|Any CPU.Build.0 = Debug|Any CPU
		{960AE7F7-1FF5-BD48-EF9C-F1004EEBBF39}.Release|Any CPU.ActiveCfg = Release|Any CPU
		{960AE7F7-1FF5-BD48-EF9C-F1004EEBBF39}.Release|Any CPU.Build.0 = Release|Any CPU
		{8DB76140-BE28-4217-8215-ED2E94C33EDB}.Debug|Any CPU.ActiveCfg = Debug|Any CPU
		{8DB76140-BE28-4217-8215-ED2E94C33EDB}.Debug|Any CPU.Build.0 = Debug|Any CPU
		{8DB76140-BE28-4217-8215-ED2E94C33EDB}.Release|Any CPU.ActiveCfg = Release|Any CPU
		{8DB76140-BE28-4217-8215-ED2E94C33EDB}.Release|Any CPU.Build.0 = Release|Any CPU
	EndGlobalSection
	GlobalSection(SolutionProperties) = preSolution
		HideSolutionNode = FALSE
	EndGlobalSection
EndGlobal
